
Microsoft Visual Studio Solution File, Format Version 12.00
# Visual Studio 15
VisualStudioVersion = 15.0.28307.421
MinimumVisualStudioVersion = 10.0.40219.1
Project("{FAE04EC0-301F-11D3-BF4B-00C04F79EFBC}") = "Shinra", "Shinra.csproj", "{18F1855B-FB9B-4327-9B50-1E02A101DB91}"
EndProject
Global
	GlobalSection(SolutionConfigurationPlatforms) = preSolution
		Debug|Any CPU = Debug|Any CPU
		Release|Any CPU = Release|Any CPU
	EndGlobalSection
	GlobalSection(ProjectConfigurationPlatforms) = postSolution
		{18F1855B-FB9B-4327-9B50-1E02A101DB91}.Debug|Any CPU.ActiveCfg = Debug|Any CPU
		{18F1855B-FB9B-4327-9B50-1E02A101DB91}.Debug|Any CPU.Build.0 = Debug|Any CPU
		{18F1855B-FB9B-4327-9B50-1E02A101DB91}.Release|Any CPU.ActiveCfg = Release|Any CPU
		{18F1855B-FB9B-4327-9B50-1E02A101DB91}.Release|Any CPU.Build.0 = Release|Any CPU
	EndGlobalSection
	GlobalSection(SolutionProperties) = preSolution
		HideSolutionNode = FALSE
	EndGlobalSection
	GlobalSection(ExtensibilityGlobals) = postSolution
		SolutionGuid = {5276918E-443F-4954-A7B4-BEC387E384AC}
	EndGlobalSection
EndGlobal
